
Microsoft Visual Studio Solution File, Format Version 12.00
# Visual Studio Version 17
VisualStudioVersion = 17.5.33516.290
MinimumVisualStudioVersion = 10.0.40219.1
Project("{FAE04EC0-301F-11D3-BF4B-00C04F79EFBC}") = "Logica", "Logica\Logica.csproj", "{6517B69F-5EB7-41E6-A1FE-35F9A9CC4339}"
EndProject
Project("{FAE04EC0-301F-11D3-BF4B-00C04F79EFBC}") = "Entidades", "Entidades\Entidades.csproj", "{C4641106-CB35-4232-9020-3A0847DE65FF}"
EndProject
Project("{FAE04EC0-301F-11D3-BF4B-00C04F79EFBC}") = "Presentacion", "MainA\Presentacion.csproj", "{DFD94461-A0FA-43A9-9C1D-24E6DFCD4EB5}"
EndProject
Project("{FAE04EC0-301F-11D3-BF4B-00C04F79EFBC}") = "PresentaciónIF", "PresentaciónIF\PresentaciónIF.csproj", "{D73707A8-9917-47D3-9AD6-43B5A92EBBA5}"
EndProject
Global
	GlobalSection(SolutionConfigurationPlatforms) = preSolution
		Debug|Any CPU = Debug|Any CPU
		Release|Any CPU = Release|Any CPU
	EndGlobalSection
	GlobalSection(ProjectConfigurationPlatforms) = postSolution
		{6517B69F-5EB7-41E6-A1FE-35F9A9CC4339}.Debug|Any CPU.ActiveCfg = Debug|Any CPU
		{6517B69F-5EB7-41E6-A1FE-35F9A9CC4339}.Debug|Any CPU.Build.0 = Debug|Any CPU
		{6517B69F-5EB7-41E6-A1FE-35F9A9CC4339}.Release|Any CPU.ActiveCfg = Release|Any CPU
		{6517B69F-5EB7-41E6-A1FE-35F9A9CC4339}.Release|Any CPU.Build.0 = Release|Any CPU
		{C4641106-CB35-4232-9020-3A0847DE65FF}.Debug|Any CPU.ActiveCfg = Debug|Any CPU
		{C4641106-CB35-4232-9020-3A0847DE65FF}.Debug|Any CPU.Build.0 = Debug|Any CPU
		{C4641106-CB35-4232-9020-3A0847DE65FF}.Release|Any CPU.ActiveCfg = Release|Any CPU
		{C4641106-CB35-4232-9020-3A0847DE65FF}.Release|Any CPU.Build.0 = Release|Any CPU
		{DFD94461-A0FA-43A9-9C1D-24E6DFCD4EB5}.Debug|Any CPU.ActiveCfg = Debug|Any CPU
		{DFD94461-A0FA-43A9-9C1D-24E6DFCD4EB5}.Debug|Any CPU.Build.0 = Debug|Any CPU
		{DFD94461-A0FA-43A9-9C1D-24E6DFCD4EB5}.Release|Any CPU.ActiveCfg = Release|Any CPU
		{DFD94461-A0FA-43A9-9C1D-24E6DFCD4EB5}.Release|Any CPU.Build.0 = Release|Any CPU
		{D73707A8-9917-47D3-9AD6-43B5A92EBBA5}.Debug|Any CPU.ActiveCfg = Debug|Any CPU
		{D73707A8-9917-47D3-9AD6-43B5A92EBBA5}.Debug|Any CPU.Build.0 = Debug|Any CPU
		{D73707A8-9917-47D3-9AD6-43B5A92EBBA5}.Release|Any CPU.ActiveCfg = Release|Any CPU
		{D73707A8-9917-47D3-9AD6-43B5A92EBBA5}.Release|Any CPU.Build.0 = Release|Any CPU
	EndGlobalSection
	GlobalSection(SolutionProperties) = preSolution
		HideSolutionNode = FALSE
	EndGlobalSection
	GlobalSection(ExtensibilityGlobals) = postSolution
		SolutionGuid = {4A45BBD6-6CF6-4B5E-9121-AD0B9AF48DC4}
	EndGlobalSection
EndGlobal
